// !$*UTF8*$!
{
	archiveVersion = 1;
	classes = {
	};
	objectVersion = 56;
	objects = {

/* Begin PBXBuildFile section */
		2B3B4AD529259BE900639C99 /* LocationAnnotation.swift in Sources */ = {isa = PBXBuildFile; fileRef = 2B3B4AD429259BE900639C99 /* LocationAnnotation.swift */; };
		2B3B4AD72925EB5000639C99 /* ImageAnnotationView.swift in Sources */ = {isa = PBXBuildFile; fileRef = 2B3B4AD62925EB5000639C99 /* ImageAnnotationView.swift */; };
		2B3B4AD92925FFF500639C99 /* ImageAnnotation.swift in Sources */ = {isa = PBXBuildFile; fileRef = 2B3B4AD82925FFF500639C99 /* ImageAnnotation.swift */; };
		2B3B4B0A292AA9DB00639C99 /* ComposableArchitecture in Frameworks */ = {isa = PBXBuildFile; productRef = 2B3B4B09292AA9DB00639C99 /* ComposableArchitecture */; };
		2B3B4B0C292AA9DB00639C99 /* Dependencies in Frameworks */ = {isa = PBXBuildFile; productRef = 2B3B4B0B292AA9DB00639C99 /* Dependencies */; };
		2BBBAF9F29384D7300A1621E /* LocationSheetView.swift in Sources */ = {isa = PBXBuildFile; fileRef = 2BBBAF9E29384D7300A1621E /* LocationSheetView.swift */; };
		2BD6D11E29387C7A006C83AF /* MemoryAnnotation.swift in Sources */ = {isa = PBXBuildFile; fileRef = 2BD6D11D29387C7A006C83AF /* MemoryAnnotation.swift */; };
		2BD6D12229389AC3006C83AF /* PromptViewController.swift in Sources */ = {isa = PBXBuildFile; fileRef = 2BD6D12129389AC3006C83AF /* PromptViewController.swift */; };
		2BD6D12429391C13006C83AF /* PromptMapWrapper.swift in Sources */ = {isa = PBXBuildFile; fileRef = 2BD6D12329391C13006C83AF /* PromptMapWrapper.swift */; };
		D5AED16340C5BEBBD3C5754A /* (null) in Frameworks */ = {isa = PBXBuildFile; };
		E51B3B55291CD20D00399450 /* AddFriendsView.swift in Sources */ = {isa = PBXBuildFile; fileRef = E51B3B54291CD20D00399450 /* AddFriendsView.swift */; };
		E51B3B57291CD55E00399450 /* FriendsProfileView.swift in Sources */ = {isa = PBXBuildFile; fileRef = E51B3B56291CD55E00399450 /* FriendsProfileView.swift */; };
		E51B3B74291DFDBB00399450 /* MapViewController.swift in Sources */ = {isa = PBXBuildFile; fileRef = E51B3B72291DFDBB00399450 /* MapViewController.swift */; };
		E51B3B75291DFDBB00399450 /* SearchViewController.swift in Sources */ = {isa = PBXBuildFile; fileRef = E51B3B73291DFDBB00399450 /* SearchViewController.swift */; };
		E51B3B77291DFE5F00399450 /* SearchView.swift in Sources */ = {isa = PBXBuildFile; fileRef = E51B3B76291DFE5F00399450 /* SearchView.swift */; };
		E51B3B7B291E211D00399450 /* MemoryGridView.swift in Sources */ = {isa = PBXBuildFile; fileRef = E51B3B7A291E211D00399450 /* MemoryGridView.swift */; };
		E51B3B7D292220C600399450 /* FriendRepository.swift in Sources */ = {isa = PBXBuildFile; fileRef = E51B3B7C292220C600399450 /* FriendRepository.swift */; };
		E51B3B7F2922E1D400399450 /* ProfileView.swift in Sources */ = {isa = PBXBuildFile; fileRef = E51B3B7E2922E1D400399450 /* ProfileView.swift */; };
		E51B3B812922E3E400399450 /* FriendRequestBar.swift in Sources */ = {isa = PBXBuildFile; fileRef = E51B3B802922E3E400399450 /* FriendRequestBar.swift */; };
		E51FA26D293859D100C79CC6 /* SearchController.swift in Sources */ = {isa = PBXBuildFile; fileRef = E51FA26C293859D100C79CC6 /* SearchController.swift */; };
		E51FA26F293859EF00C79CC6 /* MapViewWrapper.swift in Sources */ = {isa = PBXBuildFile; fileRef = E51FA26E293859EF00C79CC6 /* MapViewWrapper.swift */; };
		E51FA27129385A1D00C79CC6 /* CountClusterAnnotationView.swift in Sources */ = {isa = PBXBuildFile; fileRef = E51FA27029385A1D00C79CC6 /* CountClusterAnnotationView.swift */; };
		E51FA273293861AF00C79CC6 /* LocationDetailView.swift in Sources */ = {isa = PBXBuildFile; fileRef = 2B3B4B032926C49800639C99 /* LocationDetailView.swift */; };
		E521D734291CB252002EB6FF /* UserRepository.swift in Sources */ = {isa = PBXBuildFile; fileRef = E521D731291CB252002EB6FF /* UserRepository.swift */; };
		E521D735291CB252002EB6FF /* PlaceRepository.swift in Sources */ = {isa = PBXBuildFile; fileRef = E521D732291CB252002EB6FF /* PlaceRepository.swift */; };
		E521D736291CB252002EB6FF /* MemoryRepository.swift in Sources */ = {isa = PBXBuildFile; fileRef = E521D733291CB252002EB6FF /* MemoryRepository.swift */; };
		E54B64E929170F42006BBD2F /* Camera.swift in Sources */ = {isa = PBXBuildFile; fileRef = E54B64E829170F42006BBD2F /* Camera.swift */; };
		E54B64EB29186494006BBD2F /* CameraControlsView.swift in Sources */ = {isa = PBXBuildFile; fileRef = E54B64EA29186494006BBD2F /* CameraControlsView.swift */; };
		E54B64ED291864E5006BBD2F /* MemoryControlsView.swift in Sources */ = {isa = PBXBuildFile; fileRef = E54B64EC291864E5006BBD2F /* MemoryControlsView.swift */; };
		E54B64EF29187345006BBD2F /* LocationRowView.swift in Sources */ = {isa = PBXBuildFile; fileRef = E54B64EE29187345006BBD2F /* LocationRowView.swift */; };
		E54B64F1291875BB006BBD2F /* MiniPhotoView.swift in Sources */ = {isa = PBXBuildFile; fileRef = E54B64F0291875BB006BBD2F /* MiniPhotoView.swift */; };
		E54B64F329188969006BBD2F /* CapturedImageView.swift in Sources */ = {isa = PBXBuildFile; fileRef = E54B64F229188969006BBD2F /* CapturedImageView.swift */; };
		E55AD3A8291C9C0100F46D54 /* Memory.swift in Sources */ = {isa = PBXBuildFile; fileRef = E55AD3A2291C9C0100F46D54 /* Memory.swift */; };
		E55AD3A9291C9C0100F46D54 /* FriendRequest.swift in Sources */ = {isa = PBXBuildFile; fileRef = E55AD3A3291C9C0100F46D54 /* FriendRequest.swift */; };
		E55AD3AA291C9C0100F46D54 /* Prompt.swift in Sources */ = {isa = PBXBuildFile; fileRef = E55AD3A4291C9C0100F46D54 /* Prompt.swift */; };
		E55AD3AB291C9C0100F46D54 /* Place.swift in Sources */ = {isa = PBXBuildFile; fileRef = E55AD3A5291C9C0100F46D54 /* Place.swift */; };
		E55AD3AC291C9C0100F46D54 /* User.swift in Sources */ = {isa = PBXBuildFile; fileRef = E55AD3A6291C9C0100F46D54 /* User.swift */; };
		E55AD3AD291C9C0100F46D54 /* DailyPrompt.swift in Sources */ = {isa = PBXBuildFile; fileRef = E55AD3A7291C9C0100F46D54 /* DailyPrompt.swift */; };
		E55AD3B3291C9D8C00F46D54 /* MemoryController.swift in Sources */ = {isa = PBXBuildFile; fileRef = E55AD3B2291C9D8C00F46D54 /* MemoryController.swift */; };
		E55AD3B5291C9D9400F46D54 /* UserController.swift in Sources */ = {isa = PBXBuildFile; fileRef = E55AD3B4291C9D9400F46D54 /* UserController.swift */; };
		E55AD3B7291C9E4D00F46D54 /* PlaceController.swift in Sources */ = {isa = PBXBuildFile; fileRef = E55AD3B6291C9E4D00F46D54 /* PlaceController.swift */; };
		E5BFDC462913433300DF0180 /* memoMapApp.swift in Sources */ = {isa = PBXBuildFile; fileRef = E5BFDC452913433300DF0180 /* memoMapApp.swift */; };
		E5BFDC482913433300DF0180 /* ContentView.swift in Sources */ = {isa = PBXBuildFile; fileRef = E5BFDC472913433300DF0180 /* ContentView.swift */; };
		E5BFDC4A2913433300DF0180 /* Assets.xcassets in Resources */ = {isa = PBXBuildFile; fileRef = E5BFDC492913433300DF0180 /* Assets.xcassets */; };
		E5BFDC4D2913433300DF0180 /* Preview Assets.xcassets in Resources */ = {isa = PBXBuildFile; fileRef = E5BFDC4C2913433300DF0180 /* Preview Assets.xcassets */; };
		E5BFDC5A2913449400DF0180 /* GoogleService-Info.plist in Resources */ = {isa = PBXBuildFile; fileRef = E5BFDC592913449400DF0180 /* GoogleService-Info.plist */; };
		E5BFDC5D2913456100DF0180 /* FirebaseAnalytics in Frameworks */ = {isa = PBXBuildFile; productRef = E5BFDC5C2913456100DF0180 /* FirebaseAnalytics */; };
		E5BFDC5F2913456100DF0180 /* FirebaseAnalyticsOnDeviceConversion in Frameworks */ = {isa = PBXBuildFile; productRef = E5BFDC5E2913456100DF0180 /* FirebaseAnalyticsOnDeviceConversion */; };
		E5BFDC612913456100DF0180 /* FirebaseAnalyticsSwift in Frameworks */ = {isa = PBXBuildFile; productRef = E5BFDC602913456100DF0180 /* FirebaseAnalyticsSwift */; };
		E5BFDC632913456100DF0180 /* FirebaseAnalyticsWithoutAdIdSupport in Frameworks */ = {isa = PBXBuildFile; productRef = E5BFDC622913456100DF0180 /* FirebaseAnalyticsWithoutAdIdSupport */; };
		E5BFDC652913456100DF0180 /* FirebaseAppCheck in Frameworks */ = {isa = PBXBuildFile; productRef = E5BFDC642913456100DF0180 /* FirebaseAppCheck */; };
		E5BFDC672913456100DF0180 /* FirebaseAppDistribution-Beta in Frameworks */ = {isa = PBXBuildFile; productRef = E5BFDC662913456100DF0180 /* FirebaseAppDistribution-Beta */; };
		E5BFDC692913456100DF0180 /* FirebaseAuth in Frameworks */ = {isa = PBXBuildFile; productRef = E5BFDC682913456100DF0180 /* FirebaseAuth */; };
		E5BFDC6B2913456100DF0180 /* FirebaseAuthCombine-Community in Frameworks */ = {isa = PBXBuildFile; productRef = E5BFDC6A2913456100DF0180 /* FirebaseAuthCombine-Community */; };
		E5BFDC6D2913456100DF0180 /* FirebaseCrashlytics in Frameworks */ = {isa = PBXBuildFile; productRef = E5BFDC6C2913456100DF0180 /* FirebaseCrashlytics */; };
		E5BFDC6F2913456100DF0180 /* FirebaseDatabase in Frameworks */ = {isa = PBXBuildFile; productRef = E5BFDC6E2913456100DF0180 /* FirebaseDatabase */; };
		E5BFDC712913456100DF0180 /* FirebaseDatabaseSwift in Frameworks */ = {isa = PBXBuildFile; productRef = E5BFDC702913456100DF0180 /* FirebaseDatabaseSwift */; };
		E5BFDC732913456100DF0180 /* FirebaseDynamicLinks in Frameworks */ = {isa = PBXBuildFile; productRef = E5BFDC722913456100DF0180 /* FirebaseDynamicLinks */; };
		E5BFDC752913456100DF0180 /* FirebaseFirestore in Frameworks */ = {isa = PBXBuildFile; productRef = E5BFDC742913456100DF0180 /* FirebaseFirestore */; };
		E5BFDC772913456100DF0180 /* FirebaseFirestoreCombine-Community in Frameworks */ = {isa = PBXBuildFile; productRef = E5BFDC762913456100DF0180 /* FirebaseFirestoreCombine-Community */; };
		E5BFDC792913456100DF0180 /* FirebaseFirestoreSwift in Frameworks */ = {isa = PBXBuildFile; productRef = E5BFDC782913456100DF0180 /* FirebaseFirestoreSwift */; };
		E5BFDC7B2913456100DF0180 /* FirebaseFunctions in Frameworks */ = {isa = PBXBuildFile; productRef = E5BFDC7A2913456100DF0180 /* FirebaseFunctions */; };
		E5BFDC7D2913456100DF0180 /* FirebaseFunctionsCombine-Community in Frameworks */ = {isa = PBXBuildFile; productRef = E5BFDC7C2913456100DF0180 /* FirebaseFunctionsCombine-Community */; };
		E5BFDC7F2913456100DF0180 /* FirebaseInAppMessaging-Beta in Frameworks */ = {isa = PBXBuildFile; productRef = E5BFDC7E2913456100DF0180 /* FirebaseInAppMessaging-Beta */; };
		E5BFDC812913456100DF0180 /* FirebaseInAppMessagingSwift-Beta in Frameworks */ = {isa = PBXBuildFile; productRef = E5BFDC802913456100DF0180 /* FirebaseInAppMessagingSwift-Beta */; };
		E5BFDC832913456100DF0180 /* FirebaseInstallations in Frameworks */ = {isa = PBXBuildFile; productRef = E5BFDC822913456100DF0180 /* FirebaseInstallations */; };
		E5BFDC852913456100DF0180 /* FirebaseMLModelDownloader in Frameworks */ = {isa = PBXBuildFile; productRef = E5BFDC842913456100DF0180 /* FirebaseMLModelDownloader */; };
		E5BFDC872913456100DF0180 /* FirebaseMessaging in Frameworks */ = {isa = PBXBuildFile; productRef = E5BFDC862913456100DF0180 /* FirebaseMessaging */; };
		E5BFDC892913456200DF0180 /* FirebasePerformance in Frameworks */ = {isa = PBXBuildFile; productRef = E5BFDC882913456200DF0180 /* FirebasePerformance */; };
		E5BFDC8B2913456200DF0180 /* FirebaseRemoteConfig in Frameworks */ = {isa = PBXBuildFile; productRef = E5BFDC8A2913456200DF0180 /* FirebaseRemoteConfig */; };
		E5BFDC8D2913456200DF0180 /* FirebaseRemoteConfigSwift in Frameworks */ = {isa = PBXBuildFile; productRef = E5BFDC8C2913456200DF0180 /* FirebaseRemoteConfigSwift */; };
		E5BFDC8F2913456200DF0180 /* FirebaseStorage in Frameworks */ = {isa = PBXBuildFile; productRef = E5BFDC8E2913456200DF0180 /* FirebaseStorage */; };
		E5BFDC912913456200DF0180 /* FirebaseStorageCombine-Community in Frameworks */ = {isa = PBXBuildFile; productRef = E5BFDC902913456200DF0180 /* FirebaseStorageCombine-Community */; };
		E5BFDC972913499D00DF0180 /* MapView.swift in Sources */ = {isa = PBXBuildFile; fileRef = E5BFDC962913499D00DF0180 /* MapView.swift */; };
		E5BFDC99291349A500DF0180 /* CameraView.swift in Sources */ = {isa = PBXBuildFile; fileRef = E5BFDC98291349A500DF0180 /* CameraView.swift */; };
		E5BFDC9B291349AF00DF0180 /* PromptView.swift in Sources */ = {isa = PBXBuildFile; fileRef = E5BFDC9A291349AF00DF0180 /* PromptView.swift */; };
		E5BFDCA029134DE500DF0180 /* ViewController.swift in Sources */ = {isa = PBXBuildFile; fileRef = E5BFDC9F29134DE500DF0180 /* ViewController.swift */; };
		E5BFDCA229134E1400DF0180 /* Location.swift in Sources */ = {isa = PBXBuildFile; fileRef = E5BFDCA129134E1400DF0180 /* Location.swift */; };
		E5BFDCA72913537900DF0180 /* CameraController.swift in Sources */ = {isa = PBXBuildFile; fileRef = E5BFDCA62913537900DF0180 /* CameraController.swift */; };
		E5EDE2662936CFFE0045402C /* SingleMemoryView.swift in Sources */ = {isa = PBXBuildFile; fileRef = E5EDE2652936CFFE0045402C /* SingleMemoryView.swift */; };
		E5EDE268293701AD0045402C /* MemoryScrollView.swift in Sources */ = {isa = PBXBuildFile; fileRef = E5EDE267293701AD0045402C /* MemoryScrollView.swift */; };
/* End PBXBuildFile section */

/* Begin PBXFileReference section */
		2B3B4AD429259BE900639C99 /* LocationAnnotation.swift */ = {isa = PBXFileReference; lastKnownFileType = sourcecode.swift; path = LocationAnnotation.swift; sourceTree = "<group>"; };
		2B3B4AD62925EB5000639C99 /* ImageAnnotationView.swift */ = {isa = PBXFileReference; lastKnownFileType = sourcecode.swift; path = ImageAnnotationView.swift; sourceTree = "<group>"; };
		2B3B4AD82925FFF500639C99 /* ImageAnnotation.swift */ = {isa = PBXFileReference; lastKnownFileType = sourcecode.swift; path = ImageAnnotation.swift; sourceTree = "<group>"; };
		2B3B4B032926C49800639C99 /* LocationDetailView.swift */ = {isa = PBXFileReference; lastKnownFileType = sourcecode.swift; path = LocationDetailView.swift; sourceTree = "<group>"; };
		2B3B4B052926C5BD00639C99 /* MapViewWrapper.swift */ = {isa = PBXFileReference; lastKnownFileType = sourcecode.swift; path = MapViewWrapper.swift; sourceTree = "<group>"; };
		2B3B4B0D292AAF7900639C99 /* SearchCompleter.swift */ = {isa = PBXFileReference; lastKnownFileType = sourcecode.swift; path = SearchCompleter.swift; sourceTree = "<group>"; };
		2B3B4B0F292C146D00639C99 /* CountClusterAnnotationView.swift */ = {isa = PBXFileReference; lastKnownFileType = sourcecode.swift; path = CountClusterAnnotationView.swift; sourceTree = "<group>"; };
		2BBBAF9E29384D7300A1621E /* LocationSheetView.swift */ = {isa = PBXFileReference; lastKnownFileType = sourcecode.swift; path = LocationSheetView.swift; sourceTree = "<group>"; };
		2BD6D11D29387C7A006C83AF /* MemoryAnnotation.swift */ = {isa = PBXFileReference; lastKnownFileType = sourcecode.swift; path = MemoryAnnotation.swift; sourceTree = "<group>"; };
		2BD6D12129389AC3006C83AF /* PromptViewController.swift */ = {isa = PBXFileReference; lastKnownFileType = sourcecode.swift; path = PromptViewController.swift; sourceTree = "<group>"; };
		2BD6D12329391C13006C83AF /* PromptMapWrapper.swift */ = {isa = PBXFileReference; lastKnownFileType = sourcecode.swift; path = PromptMapWrapper.swift; sourceTree = "<group>"; };
		6F42D79D76FA58DB9766787B /* Pods-memoMap.release.xcconfig */ = {isa = PBXFileReference; includeInIndex = 1; lastKnownFileType = text.xcconfig; name = "Pods-memoMap.release.xcconfig"; path = "Target Support Files/Pods-memoMap/Pods-memoMap.release.xcconfig"; sourceTree = "<group>"; };
		8FAA65C3D591395054E49171 /* Pods-memoMap.debug.xcconfig */ = {isa = PBXFileReference; includeInIndex = 1; lastKnownFileType = text.xcconfig; name = "Pods-memoMap.debug.xcconfig"; path = "Target Support Files/Pods-memoMap/Pods-memoMap.debug.xcconfig"; sourceTree = "<group>"; };
		E51B3B54291CD20D00399450 /* AddFriendsView.swift */ = {isa = PBXFileReference; lastKnownFileType = sourcecode.swift; path = AddFriendsView.swift; sourceTree = "<group>"; };
		E51B3B56291CD55E00399450 /* FriendsProfileView.swift */ = {isa = PBXFileReference; lastKnownFileType = sourcecode.swift; path = FriendsProfileView.swift; sourceTree = "<group>"; };
		E51B3B72291DFDBB00399450 /* MapViewController.swift */ = {isa = PBXFileReference; fileEncoding = 4; lastKnownFileType = sourcecode.swift; name = MapViewController.swift; path = memoMap/Controllers/MapViewController.swift; sourceTree = SOURCE_ROOT; };
		E51B3B73291DFDBB00399450 /* SearchViewController.swift */ = {isa = PBXFileReference; fileEncoding = 4; lastKnownFileType = sourcecode.swift; name = SearchViewController.swift; path = memoMap/Controllers/SearchViewController.swift; sourceTree = SOURCE_ROOT; };
		E51B3B76291DFE5F00399450 /* SearchView.swift */ = {isa = PBXFileReference; fileEncoding = 4; lastKnownFileType = sourcecode.swift; path = SearchView.swift; sourceTree = "<group>"; };
		E51B3B7A291E211D00399450 /* MemoryGridView.swift */ = {isa = PBXFileReference; lastKnownFileType = sourcecode.swift; path = MemoryGridView.swift; sourceTree = "<group>"; };
		E51B3B7C292220C600399450 /* FriendRepository.swift */ = {isa = PBXFileReference; lastKnownFileType = sourcecode.swift; path = FriendRepository.swift; sourceTree = "<group>"; };
		E51B3B7E2922E1D400399450 /* ProfileView.swift */ = {isa = PBXFileReference; lastKnownFileType = sourcecode.swift; path = ProfileView.swift; sourceTree = "<group>"; };
		E51B3B802922E3E400399450 /* FriendRequestBar.swift */ = {isa = PBXFileReference; lastKnownFileType = sourcecode.swift; path = FriendRequestBar.swift; sourceTree = "<group>"; };
		E51FA26C293859D100C79CC6 /* SearchController.swift */ = {isa = PBXFileReference; fileEncoding = 4; lastKnownFileType = sourcecode.swift; path = SearchController.swift; sourceTree = "<group>"; };
		E51FA26E293859EF00C79CC6 /* MapViewWrapper.swift */ = {isa = PBXFileReference; fileEncoding = 4; lastKnownFileType = sourcecode.swift; name = MapViewWrapper.swift; path = memoMap/Views/Map/MapViewWrapper.swift; sourceTree = SOURCE_ROOT; };
		E51FA27029385A1D00C79CC6 /* CountClusterAnnotationView.swift */ = {isa = PBXFileReference; fileEncoding = 4; lastKnownFileType = sourcecode.swift; path = CountClusterAnnotationView.swift; sourceTree = "<group>"; };
		E521D731291CB252002EB6FF /* UserRepository.swift */ = {isa = PBXFileReference; fileEncoding = 4; lastKnownFileType = sourcecode.swift; path = UserRepository.swift; sourceTree = "<group>"; };
		E521D732291CB252002EB6FF /* PlaceRepository.swift */ = {isa = PBXFileReference; fileEncoding = 4; lastKnownFileType = sourcecode.swift; path = PlaceRepository.swift; sourceTree = "<group>"; };
		E521D733291CB252002EB6FF /* MemoryRepository.swift */ = {isa = PBXFileReference; fileEncoding = 4; lastKnownFileType = sourcecode.swift; path = MemoryRepository.swift; sourceTree = "<group>"; };
		E54B64E829170F42006BBD2F /* Camera.swift */ = {isa = PBXFileReference; lastKnownFileType = sourcecode.swift; path = Camera.swift; sourceTree = "<group>"; };
		E54B64EA29186494006BBD2F /* CameraControlsView.swift */ = {isa = PBXFileReference; lastKnownFileType = sourcecode.swift; path = CameraControlsView.swift; sourceTree = "<group>"; };
		E54B64EC291864E5006BBD2F /* MemoryControlsView.swift */ = {isa = PBXFileReference; lastKnownFileType = sourcecode.swift; path = MemoryControlsView.swift; sourceTree = "<group>"; };
		E54B64EE29187345006BBD2F /* LocationRowView.swift */ = {isa = PBXFileReference; lastKnownFileType = sourcecode.swift; path = LocationRowView.swift; sourceTree = "<group>"; };
		E54B64F0291875BB006BBD2F /* MiniPhotoView.swift */ = {isa = PBXFileReference; lastKnownFileType = sourcecode.swift; path = MiniPhotoView.swift; sourceTree = "<group>"; };
		E54B64F229188969006BBD2F /* CapturedImageView.swift */ = {isa = PBXFileReference; lastKnownFileType = sourcecode.swift; path = CapturedImageView.swift; sourceTree = "<group>"; };
		E55AD3A2291C9C0100F46D54 /* Memory.swift */ = {isa = PBXFileReference; fileEncoding = 4; lastKnownFileType = sourcecode.swift; path = Memory.swift; sourceTree = "<group>"; };
		E55AD3A3291C9C0100F46D54 /* FriendRequest.swift */ = {isa = PBXFileReference; fileEncoding = 4; lastKnownFileType = sourcecode.swift; path = FriendRequest.swift; sourceTree = "<group>"; };
		E55AD3A4291C9C0100F46D54 /* Prompt.swift */ = {isa = PBXFileReference; fileEncoding = 4; lastKnownFileType = sourcecode.swift; path = Prompt.swift; sourceTree = "<group>"; };
		E55AD3A5291C9C0100F46D54 /* Place.swift */ = {isa = PBXFileReference; fileEncoding = 4; lastKnownFileType = sourcecode.swift; path = Place.swift; sourceTree = "<group>"; };
		E55AD3A6291C9C0100F46D54 /* User.swift */ = {isa = PBXFileReference; fileEncoding = 4; lastKnownFileType = sourcecode.swift; path = User.swift; sourceTree = "<group>"; };
		E55AD3A7291C9C0100F46D54 /* DailyPrompt.swift */ = {isa = PBXFileReference; fileEncoding = 4; lastKnownFileType = sourcecode.swift; path = DailyPrompt.swift; sourceTree = "<group>"; };
		E55AD3B2291C9D8C00F46D54 /* MemoryController.swift */ = {isa = PBXFileReference; lastKnownFileType = sourcecode.swift; path = MemoryController.swift; sourceTree = "<group>"; };
		E55AD3B4291C9D9400F46D54 /* UserController.swift */ = {isa = PBXFileReference; lastKnownFileType = sourcecode.swift; path = UserController.swift; sourceTree = "<group>"; };
		E55AD3B6291C9E4D00F46D54 /* PlaceController.swift */ = {isa = PBXFileReference; fileEncoding = 4; lastKnownFileType = sourcecode.swift; path = PlaceController.swift; sourceTree = "<group>"; };
		E5BFDC422913433300DF0180 /* memoMap.app */ = {isa = PBXFileReference; explicitFileType = wrapper.application; includeInIndex = 0; path = memoMap.app; sourceTree = BUILT_PRODUCTS_DIR; };
		E5BFDC452913433300DF0180 /* memoMapApp.swift */ = {isa = PBXFileReference; lastKnownFileType = sourcecode.swift; path = memoMapApp.swift; sourceTree = "<group>"; };
		E5BFDC472913433300DF0180 /* ContentView.swift */ = {isa = PBXFileReference; lastKnownFileType = sourcecode.swift; path = ContentView.swift; sourceTree = "<group>"; };
		E5BFDC492913433300DF0180 /* Assets.xcassets */ = {isa = PBXFileReference; lastKnownFileType = folder.assetcatalog; path = Assets.xcassets; sourceTree = "<group>"; };
		E5BFDC4C2913433300DF0180 /* Preview Assets.xcassets */ = {isa = PBXFileReference; lastKnownFileType = folder.assetcatalog; path = "Preview Assets.xcassets"; sourceTree = "<group>"; };
		E5BFDC592913449400DF0180 /* GoogleService-Info.plist */ = {isa = PBXFileReference; fileEncoding = 4; lastKnownFileType = text.plist.xml; path = "GoogleService-Info.plist"; sourceTree = "<group>"; };
		E5BFDC962913499D00DF0180 /* MapView.swift */ = {isa = PBXFileReference; lastKnownFileType = sourcecode.swift; path = MapView.swift; sourceTree = "<group>"; };
		E5BFDC98291349A500DF0180 /* CameraView.swift */ = {isa = PBXFileReference; lastKnownFileType = sourcecode.swift; path = CameraView.swift; sourceTree = "<group>"; };
		E5BFDC9A291349AF00DF0180 /* PromptView.swift */ = {isa = PBXFileReference; lastKnownFileType = sourcecode.swift; path = PromptView.swift; sourceTree = "<group>"; };
		E5BFDC9F29134DE500DF0180 /* ViewController.swift */ = {isa = PBXFileReference; lastKnownFileType = sourcecode.swift; path = ViewController.swift; sourceTree = "<group>"; };
		E5BFDCA129134E1400DF0180 /* Location.swift */ = {isa = PBXFileReference; lastKnownFileType = sourcecode.swift; path = Location.swift; sourceTree = "<group>"; };
		E5BFDCA329134FD900DF0180 /* Info.plist */ = {isa = PBXFileReference; lastKnownFileType = text.plist; path = Info.plist; sourceTree = "<group>"; };
		E5BFDCA62913537900DF0180 /* CameraController.swift */ = {isa = PBXFileReference; lastKnownFileType = sourcecode.swift; path = CameraController.swift; sourceTree = "<group>"; };
		E5EDE2652936CFFE0045402C /* SingleMemoryView.swift */ = {isa = PBXFileReference; lastKnownFileType = sourcecode.swift; path = SingleMemoryView.swift; sourceTree = "<group>"; };
		E5EDE267293701AD0045402C /* MemoryScrollView.swift */ = {isa = PBXFileReference; lastKnownFileType = sourcecode.swift; path = MemoryScrollView.swift; sourceTree = "<group>"; };
/* End PBXFileReference section */

/* Begin PBXFrameworksBuildPhase section */
		E5BFDC3F2913433300DF0180 /* Frameworks */ = {
			isa = PBXFrameworksBuildPhase;
			buildActionMask = 2147483647;
			files = (
				E5BFDC6F2913456100DF0180 /* FirebaseDatabase in Frameworks */,
				E5BFDC7D2913456100DF0180 /* FirebaseFunctionsCombine-Community in Frameworks */,
				2B3B4B0A292AA9DB00639C99 /* ComposableArchitecture in Frameworks */,
				E5BFDC752913456100DF0180 /* FirebaseFirestore in Frameworks */,
				E5BFDC612913456100DF0180 /* FirebaseAnalyticsSwift in Frameworks */,
				E5BFDC5D2913456100DF0180 /* FirebaseAnalytics in Frameworks */,
				E5BFDC5F2913456100DF0180 /* FirebaseAnalyticsOnDeviceConversion in Frameworks */,
				E5BFDC852913456100DF0180 /* FirebaseMLModelDownloader in Frameworks */,
				E5BFDC792913456100DF0180 /* FirebaseFirestoreSwift in Frameworks */,
				E5BFDC652913456100DF0180 /* FirebaseAppCheck in Frameworks */,
				E5BFDC632913456100DF0180 /* FirebaseAnalyticsWithoutAdIdSupport in Frameworks */,
				E5BFDC692913456100DF0180 /* FirebaseAuth in Frameworks */,
				E5BFDC6D2913456100DF0180 /* FirebaseCrashlytics in Frameworks */,
				E5BFDC8D2913456200DF0180 /* FirebaseRemoteConfigSwift in Frameworks */,
				E5BFDC7F2913456100DF0180 /* FirebaseInAppMessaging-Beta in Frameworks */,
				E5BFDC712913456100DF0180 /* FirebaseDatabaseSwift in Frameworks */,
				2B3B4B0C292AA9DB00639C99 /* Dependencies in Frameworks */,
				E5BFDC7B2913456100DF0180 /* FirebaseFunctions in Frameworks */,
				E5BFDC912913456200DF0180 /* FirebaseStorageCombine-Community in Frameworks */,
				E5BFDC8B2913456200DF0180 /* FirebaseRemoteConfig in Frameworks */,
				E5BFDC672913456100DF0180 /* FirebaseAppDistribution-Beta in Frameworks */,
				E5BFDC6B2913456100DF0180 /* FirebaseAuthCombine-Community in Frameworks */,
				E5BFDC892913456200DF0180 /* FirebasePerformance in Frameworks */,
				E5BFDC812913456100DF0180 /* FirebaseInAppMessagingSwift-Beta in Frameworks */,
				E5BFDC8F2913456200DF0180 /* FirebaseStorage in Frameworks */,
				E5BFDC732913456100DF0180 /* FirebaseDynamicLinks in Frameworks */,
				E5BFDC772913456100DF0180 /* FirebaseFirestoreCombine-Community in Frameworks */,
				E5BFDC872913456100DF0180 /* FirebaseMessaging in Frameworks */,
				E5BFDC832913456100DF0180 /* FirebaseInstallations in Frameworks */,
				D5AED16340C5BEBBD3C5754A /* (null) in Frameworks */,
			);
			runOnlyForDeploymentPostprocessing = 0;
		};
/* End PBXFrameworksBuildPhase section */

/* Begin PBXGroup section */
		8FAFD48423445AB465AE07C5 /* Frameworks */ = {
			isa = PBXGroup;
			children = (
			);
			name = Frameworks;
			sourceTree = "<group>";
		};
		C9D7D516444C69217E9ADE63 /* Pods */ = {
			isa = PBXGroup;
			children = (
				8FAA65C3D591395054E49171 /* Pods-memoMap.debug.xcconfig */,
				6F42D79D76FA58DB9766787B /* Pods-memoMap.release.xcconfig */,
			);
			path = Pods;
			sourceTree = "<group>";
		};
		E51FA2342938549700C79CC6 /* Recovered References */ = {
			isa = PBXGroup;
			children = (
				2B3B4B0F292C146D00639C99 /* CountClusterAnnotationView.swift */,
				2B3B4B052926C5BD00639C99 /* MapViewWrapper.swift */,
			);
			name = "Recovered References";
			sourceTree = "<group>";
		};
		E51FA2722938619900C79CC6 /* Map */ = {
			isa = PBXGroup;
			children = (
				E51FA26E293859EF00C79CC6 /* MapViewWrapper.swift */,
				E5BFDC962913499D00DF0180 /* MapView.swift */,
				E51FA27029385A1D00C79CC6 /* CountClusterAnnotationView.swift */,
				E51B3B76291DFE5F00399450 /* SearchView.swift */,
				2B3B4B032926C49800639C99 /* LocationDetailView.swift */,
				2BBBAF9E29384D7300A1621E /* LocationSheetView.swift */,
				2B3B4AD62925EB5000639C99 /* ImageAnnotationView.swift */,
			);
			path = Map;
			sourceTree = "<group>";
		};
		E521D730291CB252002EB6FF /* Repositories */ = {
			isa = PBXGroup;
			children = (
				E51B3B7C292220C600399450 /* FriendRepository.swift */,
				E521D731291CB252002EB6FF /* UserRepository.swift */,
				E521D732291CB252002EB6FF /* PlaceRepository.swift */,
				E521D733291CB252002EB6FF /* MemoryRepository.swift */,
			);
			path = Repositories;
			sourceTree = "<group>";
		};
		E5BFDC392913433300DF0180 = {
			isa = PBXGroup;
			children = (
				E5BFDC442913433300DF0180 /* memoMap */,
				E5BFDC432913433300DF0180 /* Products */,
				C9D7D516444C69217E9ADE63 /* Pods */,
				8FAFD48423445AB465AE07C5 /* Frameworks */,
				E51FA2342938549700C79CC6 /* Recovered References */,
			);
			sourceTree = "<group>";
		};
		E5BFDC432913433300DF0180 /* Products */ = {
			isa = PBXGroup;
			children = (
				E5BFDC422913433300DF0180 /* memoMap.app */,
			);
			name = Products;
			sourceTree = "<group>";
		};
		E5BFDC442913433300DF0180 /* memoMap */ = {
			isa = PBXGroup;
			children = (
				E5BFDCA329134FD900DF0180 /* Info.plist */,
				E5BFDC452913433300DF0180 /* memoMapApp.swift */,
				E521D730291CB252002EB6FF /* Repositories */,
				E5BFDC9E29134DD600DF0180 /* Controllers */,
				E5BFDC93291347A000DF0180 /* Models */,
				E5BFDC922913474E00DF0180 /* Views */,
				E5BFDC592913449400DF0180 /* GoogleService-Info.plist */,
				E5BFDC4B2913433300DF0180 /* Preview Content */,
			);
			path = memoMap;
			sourceTree = "<group>";
		};
		E5BFDC4B2913433300DF0180 /* Preview Content */ = {
			isa = PBXGroup;
			children = (
				E5BFDC4C2913433300DF0180 /* Preview Assets.xcassets */,
			);
			path = "Preview Content";
			sourceTree = "<group>";
		};
		E5BFDC922913474E00DF0180 /* Views */ = {
			isa = PBXGroup;
			children = (
				E51FA2722938619900C79CC6 /* Map */,
				E5BFDC492913433300DF0180 /* Assets.xcassets */,
				E5BFDC98291349A500DF0180 /* CameraView.swift */,
				E5BFDC472913433300DF0180 /* ContentView.swift */,
				E54B64EA29186494006BBD2F /* CameraControlsView.swift */,
				E54B64EC291864E5006BBD2F /* MemoryControlsView.swift */,
				E5BFDC9A291349AF00DF0180 /* PromptView.swift */,
				E54B64F0291875BB006BBD2F /* MiniPhotoView.swift */,
				2BD6D12329391C13006C83AF /* PromptMapWrapper.swift */,
				E54B64F229188969006BBD2F /* CapturedImageView.swift */,
				E54B64EE29187345006BBD2F /* LocationRowView.swift */,
				E51B3B54291CD20D00399450 /* AddFriendsView.swift */,
				E51B3B56291CD55E00399450 /* FriendsProfileView.swift */,
				E51B3B7E2922E1D400399450 /* ProfileView.swift */,
				E51B3B802922E3E400399450 /* FriendRequestBar.swift */,
				E51B3B7A291E211D00399450 /* MemoryGridView.swift */,
				E5EDE2652936CFFE0045402C /* SingleMemoryView.swift */,
				E5EDE267293701AD0045402C /* MemoryScrollView.swift */,
			);
			path = Views;
			sourceTree = "<group>";
		};
		E5BFDC93291347A000DF0180 /* Models */ = {
			isa = PBXGroup;
			children = (
				E5BFDCA129134E1400DF0180 /* Location.swift */,
				E55AD3A7291C9C0100F46D54 /* DailyPrompt.swift */,
				E55AD3A3291C9C0100F46D54 /* FriendRequest.swift */,
				2B3B4AD429259BE900639C99 /* LocationAnnotation.swift */,
				2B3B4B0D292AAF7900639C99 /* SearchCompleter.swift */,
				2B3B4AD82925FFF500639C99 /* ImageAnnotation.swift */,
				2BD6D11D29387C7A006C83AF /* MemoryAnnotation.swift */,
				E55AD3A2291C9C0100F46D54 /* Memory.swift */,
				E55AD3A5291C9C0100F46D54 /* Place.swift */,
				E55AD3A4291C9C0100F46D54 /* Prompt.swift */,
				E55AD3A6291C9C0100F46D54 /* User.swift */,
				E54B64E829170F42006BBD2F /* Camera.swift */,
			);
			path = Models;
			sourceTree = "<group>";
		};
		E5BFDC9E29134DD600DF0180 /* Controllers */ = {
			isa = PBXGroup;
			children = (
				E51FA26C293859D100C79CC6 /* SearchController.swift */,
				E55AD3B2291C9D8C00F46D54 /* MemoryController.swift */,
				E55AD3B6291C9E4D00F46D54 /* PlaceController.swift */,
				2BD6D12129389AC3006C83AF /* PromptViewController.swift */,
				E5BFDC9F29134DE500DF0180 /* ViewController.swift */,
				E5BFDCA62913537900DF0180 /* CameraController.swift */,
				E55AD3B4291C9D9400F46D54 /* UserController.swift */,
				E51B3B72291DFDBB00399450 /* MapViewController.swift */,
				E51B3B73291DFDBB00399450 /* SearchViewController.swift */,
			);
			path = Controllers;
			sourceTree = "<group>";
		};
/* End PBXGroup section */

/* Begin PBXNativeTarget section */
		E5BFDC412913433300DF0180 /* memoMap */ = {
			isa = PBXNativeTarget;
			buildConfigurationList = E5BFDC502913433300DF0180 /* Build configuration list for PBXNativeTarget "memoMap" */;
			buildPhases = (
				51ED382E9063DA1AF691A9A9 /* [CP] Check Pods Manifest.lock */,
				E5BFDC3E2913433300DF0180 /* Sources */,
				E5BFDC3F2913433300DF0180 /* Frameworks */,
				E5BFDC402913433300DF0180 /* Resources */,
				98955CC2916BCA9730FAB7EE /* [CP] Embed Pods Frameworks */,
			);
			buildRules = (
			);
			dependencies = (
			);
			name = memoMap;
			packageProductDependencies = (
				E5BFDC5C2913456100DF0180 /* FirebaseAnalytics */,
				E5BFDC5E2913456100DF0180 /* FirebaseAnalyticsOnDeviceConversion */,
				E5BFDC602913456100DF0180 /* FirebaseAnalyticsSwift */,
				E5BFDC622913456100DF0180 /* FirebaseAnalyticsWithoutAdIdSupport */,
				E5BFDC642913456100DF0180 /* FirebaseAppCheck */,
				E5BFDC662913456100DF0180 /* FirebaseAppDistribution-Beta */,
				E5BFDC682913456100DF0180 /* FirebaseAuth */,
				E5BFDC6A2913456100DF0180 /* FirebaseAuthCombine-Community */,
				E5BFDC6C2913456100DF0180 /* FirebaseCrashlytics */,
				E5BFDC6E2913456100DF0180 /* FirebaseDatabase */,
				E5BFDC702913456100DF0180 /* FirebaseDatabaseSwift */,
				E5BFDC722913456100DF0180 /* FirebaseDynamicLinks */,
				E5BFDC742913456100DF0180 /* FirebaseFirestore */,
				E5BFDC762913456100DF0180 /* FirebaseFirestoreCombine-Community */,
				E5BFDC782913456100DF0180 /* FirebaseFirestoreSwift */,
				E5BFDC7A2913456100DF0180 /* FirebaseFunctions */,
				E5BFDC7C2913456100DF0180 /* FirebaseFunctionsCombine-Community */,
				E5BFDC7E2913456100DF0180 /* FirebaseInAppMessaging-Beta */,
				E5BFDC802913456100DF0180 /* FirebaseInAppMessagingSwift-Beta */,
				E5BFDC822913456100DF0180 /* FirebaseInstallations */,
				E5BFDC842913456100DF0180 /* FirebaseMLModelDownloader */,
				E5BFDC862913456100DF0180 /* FirebaseMessaging */,
				E5BFDC882913456200DF0180 /* FirebasePerformance */,
				E5BFDC8A2913456200DF0180 /* FirebaseRemoteConfig */,
				E5BFDC8C2913456200DF0180 /* FirebaseRemoteConfigSwift */,
				E5BFDC8E2913456200DF0180 /* FirebaseStorage */,
				E5BFDC902913456200DF0180 /* FirebaseStorageCombine-Community */,
				2B3B4B09292AA9DB00639C99 /* ComposableArchitecture */,
				2B3B4B0B292AA9DB00639C99 /* Dependencies */,
			);
			productName = memoMap;
			productReference = E5BFDC422913433300DF0180 /* memoMap.app */;
			productType = "com.apple.product-type.application";
		};
/* End PBXNativeTarget section */

/* Begin PBXProject section */
		E5BFDC3A2913433300DF0180 /* Project object */ = {
			isa = PBXProject;
			attributes = {
				BuildIndependentTargetsInParallel = 1;
				LastSwiftUpdateCheck = 1400;
				LastUpgradeCheck = 1400;
				TargetAttributes = {
					E5BFDC412913433300DF0180 = {
						CreatedOnToolsVersion = 14.0.1;
					};
				};
			};
			buildConfigurationList = E5BFDC3D2913433300DF0180 /* Build configuration list for PBXProject "memoMap" */;
			compatibilityVersion = "Xcode 14.0";
			developmentRegion = en;
			hasScannedForEncodings = 0;
			knownRegions = (
				en,
				Base,
			);
			mainGroup = E5BFDC392913433300DF0180;
			packageReferences = (
				E5BFDC5B2913456100DF0180 /* XCRemoteSwiftPackageReference "firebase-ios-sdk" */,
				2B3B4B08292AA9DB00639C99 /* XCRemoteSwiftPackageReference "swift-composable-architecture" */,
			);
			productRefGroup = E5BFDC432913433300DF0180 /* Products */;
			projectDirPath = "";
			projectRoot = "";
			targets = (
				E5BFDC412913433300DF0180 /* memoMap */,
			);
		};
/* End PBXProject section */

/* Begin PBXResourcesBuildPhase section */
		E5BFDC402913433300DF0180 /* Resources */ = {
			isa = PBXResourcesBuildPhase;
			buildActionMask = 2147483647;
			files = (
				E5BFDC4D2913433300DF0180 /* Preview Assets.xcassets in Resources */,
				E5BFDC4A2913433300DF0180 /* Assets.xcassets in Resources */,
				E5BFDC5A2913449400DF0180 /* GoogleService-Info.plist in Resources */,
			);
			runOnlyForDeploymentPostprocessing = 0;
		};
/* End PBXResourcesBuildPhase section */

/* Begin PBXShellScriptBuildPhase section */
		51ED382E9063DA1AF691A9A9 /* [CP] Check Pods Manifest.lock */ = {
			isa = PBXShellScriptBuildPhase;
			buildActionMask = 2147483647;
			files = (
			);
			inputFileListPaths = (
			);
			inputPaths = (
				"${PODS_PODFILE_DIR_PATH}/Podfile.lock",
				"${PODS_ROOT}/Manifest.lock",
			);
			name = "[CP] Check Pods Manifest.lock";
			outputFileListPaths = (
			);
			outputPaths = (
				"$(DERIVED_FILE_DIR)/Pods-memoMap-checkManifestLockResult.txt",
			);
			runOnlyForDeploymentPostprocessing = 0;
			shellPath = /bin/sh;
			shellScript = "diff \"${PODS_PODFILE_DIR_PATH}/Podfile.lock\" \"${PODS_ROOT}/Manifest.lock\" > /dev/null\nif [ $? != 0 ] ; then\n    # print error to STDERR\n    echo \"error: The sandbox is not in sync with the Podfile.lock. Run 'pod install' or update your CocoaPods installation.\" >&2\n    exit 1\nfi\n# This output is used by Xcode 'outputs' to avoid re-running this script phase.\necho \"SUCCESS\" > \"${SCRIPT_OUTPUT_FILE_0}\"\n";
			showEnvVarsInLog = 0;
		};
		98955CC2916BCA9730FAB7EE /* [CP] Embed Pods Frameworks */ = {
			isa = PBXShellScriptBuildPhase;
			buildActionMask = 2147483647;
			files = (
			);
			inputFileListPaths = (
				"${PODS_ROOT}/Target Support Files/Pods-memoMap/Pods-memoMap-frameworks-${CONFIGURATION}-input-files.xcfilelist",
			);
			name = "[CP] Embed Pods Frameworks";
			outputFileListPaths = (
				"${PODS_ROOT}/Target Support Files/Pods-memoMap/Pods-memoMap-frameworks-${CONFIGURATION}-output-files.xcfilelist",
			);
			runOnlyForDeploymentPostprocessing = 0;
			shellPath = /bin/sh;
			shellScript = "\"${PODS_ROOT}/Target Support Files/Pods-memoMap/Pods-memoMap-frameworks.sh\"\n";
			showEnvVarsInLog = 0;
		};
/* End PBXShellScriptBuildPhase section */

/* Begin PBXSourcesBuildPhase section */
		E5BFDC3E2913433300DF0180 /* Sources */ = {
			isa = PBXSourcesBuildPhase;
			buildActionMask = 2147483647;
			files = (
				E51B3B75291DFDBB00399450 /* SearchViewController.swift in Sources */,
				E51FA26F293859EF00C79CC6 /* MapViewWrapper.swift in Sources */,
				2BD6D12429391C13006C83AF /* PromptMapWrapper.swift in Sources */,
				E5EDE2662936CFFE0045402C /* SingleMemoryView.swift in Sources */,
				E55AD3B7291C9E4D00F46D54 /* PlaceController.swift in Sources */,
				E5EDE268293701AD0045402C /* MemoryScrollView.swift in Sources */,
				2BD6D12229389AC3006C83AF /* PromptViewController.swift in Sources */,
				2BD6D11E29387C7A006C83AF /* MemoryAnnotation.swift in Sources */,
				E54B64F1291875BB006BBD2F /* MiniPhotoView.swift in Sources */,
				E5BFDCA72913537900DF0180 /* CameraController.swift in Sources */,
				E5BFDC482913433300DF0180 /* ContentView.swift in Sources */,
				E55AD3A8291C9C0100F46D54 /* Memory.swift in Sources */,
				E55AD3B5291C9D9400F46D54 /* UserController.swift in Sources */,
				E5BFDC972913499D00DF0180 /* MapView.swift in Sources */,
				2BBBAF9F29384D7300A1621E /* LocationSheetView.swift in Sources */,
				E5BFDCA229134E1400DF0180 /* Location.swift in Sources */,
				E55AD3AA291C9C0100F46D54 /* Prompt.swift in Sources */,
				2B3B4AD72925EB5000639C99 /* ImageAnnotationView.swift in Sources */,
				E54B64EB29186494006BBD2F /* CameraControlsView.swift in Sources */,
				E51B3B57291CD55E00399450 /* FriendsProfileView.swift in Sources */,
				E51FA26D293859D100C79CC6 /* SearchController.swift in Sources */,
				E51FA27129385A1D00C79CC6 /* CountClusterAnnotationView.swift in Sources */,
				E51B3B7F2922E1D400399450 /* ProfileView.swift in Sources */,
				E51B3B55291CD20D00399450 /* AddFriendsView.swift in Sources */,
				2B3B4AD92925FFF500639C99 /* ImageAnnotation.swift in Sources */,
				E5BFDC462913433300DF0180 /* memoMapApp.swift in Sources */,
				E5BFDC9B291349AF00DF0180 /* PromptView.swift in Sources */,
				E51B3B77291DFE5F00399450 /* SearchView.swift in Sources */,
				E54B64E929170F42006BBD2F /* Camera.swift in Sources */,
				E51B3B7D292220C600399450 /* FriendRepository.swift in Sources */,
				E51B3B812922E3E400399450 /* FriendRequestBar.swift in Sources */,
				E5BFDCA029134DE500DF0180 /* ViewController.swift in Sources */,
				E521D734291CB252002EB6FF /* UserRepository.swift in Sources */,
				E5BFDC99291349A500DF0180 /* CameraView.swift in Sources */,
				E55AD3B3291C9D8C00F46D54 /* MemoryController.swift in Sources */,
				E54B64F329188969006BBD2F /* CapturedImageView.swift in Sources */,
				E54B64EF29187345006BBD2F /* LocationRowView.swift in Sources */,
				E55AD3AB291C9C0100F46D54 /* Place.swift in Sources */,
				E51B3B7B291E211D00399450 /* MemoryGridView.swift in Sources */,
				E54B64ED291864E5006BBD2F /* MemoryControlsView.swift in Sources */,
				E51FA273293861AF00C79CC6 /* LocationDetailView.swift in Sources */,
				E55AD3AD291C9C0100F46D54 /* DailyPrompt.swift in Sources */,
				E55AD3A9291C9C0100F46D54 /* FriendRequest.swift in Sources */,
				E521D735291CB252002EB6FF /* PlaceRepository.swift in Sources */,
				2B3B4AD529259BE900639C99 /* LocationAnnotation.swift in Sources */,
				E521D736291CB252002EB6FF /* MemoryRepository.swift in Sources */,
				E51B3B74291DFDBB00399450 /* MapViewController.swift in Sources */,
				E55AD3AC291C9C0100F46D54 /* User.swift in Sources */,
			);
			runOnlyForDeploymentPostprocessing = 0;
		};
/* End PBXSourcesBuildPhase section */

/* Begin XCBuildConfiguration section */
		E5BFDC4E2913433300DF0180 /* Debug */ = {
			isa = XCBuildConfiguration;
			buildSettings = {
				ALWAYS_SEARCH_USER_PATHS = NO;
				CLANG_ANALYZER_NONNULL = YES;
				CLANG_ANALYZER_NUMBER_OBJECT_CONVERSION = YES_AGGRESSIVE;
				CLANG_CXX_LANGUAGE_STANDARD = "gnu++20";
				CLANG_ENABLE_MODULES = YES;
				CLANG_ENABLE_OBJC_ARC = YES;
				CLANG_ENABLE_OBJC_WEAK = YES;
				CLANG_WARN_BLOCK_CAPTURE_AUTORELEASING = YES;
				CLANG_WARN_BOOL_CONVERSION = YES;
				CLANG_WARN_COMMA = YES;
				CLANG_WARN_CONSTANT_CONVERSION = YES;
				CLANG_WARN_DEPRECATED_OBJC_IMPLEMENTATIONS = YES;
				CLANG_WARN_DIRECT_OBJC_ISA_USAGE = YES_ERROR;
				CLANG_WARN_DOCUMENTATION_COMMENTS = YES;
				CLANG_WARN_EMPTY_BODY = YES;
				CLANG_WARN_ENUM_CONVERSION = YES;
				CLANG_WARN_INFINITE_RECURSION = YES;
				CLANG_WARN_INT_CONVERSION = YES;
				CLANG_WARN_NON_LITERAL_NULL_CONVERSION = YES;
				CLANG_WARN_OBJC_IMPLICIT_RETAIN_SELF = YES;
				CLANG_WARN_OBJC_LITERAL_CONVERSION = YES;
				CLANG_WARN_OBJC_ROOT_CLASS = YES_ERROR;
				CLANG_WARN_QUOTED_INCLUDE_IN_FRAMEWORK_HEADER = YES;
				CLANG_WARN_RANGE_LOOP_ANALYSIS = YES;
				CLANG_WARN_STRICT_PROTOTYPES = YES;
				CLANG_WARN_SUSPICIOUS_MOVE = YES;
				CLANG_WARN_UNGUARDED_AVAILABILITY = YES_AGGRESSIVE;
				CLANG_WARN_UNREACHABLE_CODE = YES;
				CLANG_WARN__DUPLICATE_METHOD_MATCH = YES;
				COPY_PHASE_STRIP = NO;
				DEBUG_INFORMATION_FORMAT = dwarf;
				ENABLE_STRICT_OBJC_MSGSEND = YES;
				ENABLE_TESTABILITY = YES;
				GCC_C_LANGUAGE_STANDARD = gnu11;
				GCC_DYNAMIC_NO_PIC = NO;
				GCC_NO_COMMON_BLOCKS = YES;
				GCC_OPTIMIZATION_LEVEL = 0;
				GCC_PREPROCESSOR_DEFINITIONS = (
					"DEBUG=1",
					"$(inherited)",
				);
				GCC_WARN_64_TO_32_BIT_CONVERSION = YES;
				GCC_WARN_ABOUT_RETURN_TYPE = YES_ERROR;
				GCC_WARN_UNDECLARED_SELECTOR = YES;
				GCC_WARN_UNINITIALIZED_AUTOS = YES_AGGRESSIVE;
				GCC_WARN_UNUSED_FUNCTION = YES;
				GCC_WARN_UNUSED_VARIABLE = YES;
				IPHONEOS_DEPLOYMENT_TARGET = 16.0;
				MTL_ENABLE_DEBUG_INFO = INCLUDE_SOURCE;
				MTL_FAST_MATH = YES;
				ONLY_ACTIVE_ARCH = YES;
				SDKROOT = iphoneos;
				SWIFT_ACTIVE_COMPILATION_CONDITIONS = DEBUG;
				SWIFT_OPTIMIZATION_LEVEL = "-Onone";
			};
			name = Debug;
		};
		E5BFDC4F2913433300DF0180 /* Release */ = {
			isa = XCBuildConfiguration;
			buildSettings = {
				ALWAYS_SEARCH_USER_PATHS = NO;
				CLANG_ANALYZER_NONNULL = YES;
				CLANG_ANALYZER_NUMBER_OBJECT_CONVERSION = YES_AGGRESSIVE;
				CLANG_CXX_LANGUAGE_STANDARD = "gnu++20";
				CLANG_ENABLE_MODULES = YES;
				CLANG_ENABLE_OBJC_ARC = YES;
				CLANG_ENABLE_OBJC_WEAK = YES;
				CLANG_WARN_BLOCK_CAPTURE_AUTORELEASING = YES;
				CLANG_WARN_BOOL_CONVERSION = YES;
				CLANG_WARN_COMMA = YES;
				CLANG_WARN_CONSTANT_CONVERSION = YES;
				CLANG_WARN_DEPRECATED_OBJC_IMPLEMENTATIONS = YES;
				CLANG_WARN_DIRECT_OBJC_ISA_USAGE = YES_ERROR;
				CLANG_WARN_DOCUMENTATION_COMMENTS = YES;
				CLANG_WARN_EMPTY_BODY = YES;
				CLANG_WARN_ENUM_CONVERSION = YES;
				CLANG_WARN_INFINITE_RECURSION = YES;
				CLANG_WARN_INT_CONVERSION = YES;
				CLANG_WARN_NON_LITERAL_NULL_CONVERSION = YES;
				CLANG_WARN_OBJC_IMPLICIT_RETAIN_SELF = YES;
				CLANG_WARN_OBJC_LITERAL_CONVERSION = YES;
				CLANG_WARN_OBJC_ROOT_CLASS = YES_ERROR;
				CLANG_WARN_QUOTED_INCLUDE_IN_FRAMEWORK_HEADER = YES;
				CLANG_WARN_RANGE_LOOP_ANALYSIS = YES;
				CLANG_WARN_STRICT_PROTOTYPES = YES;
				CLANG_WARN_SUSPICIOUS_MOVE = YES;
				CLANG_WARN_UNGUARDED_AVAILABILITY = YES_AGGRESSIVE;
				CLANG_WARN_UNREACHABLE_CODE = YES;
				CLANG_WARN__DUPLICATE_METHOD_MATCH = YES;
				COPY_PHASE_STRIP = NO;
				DEBUG_INFORMATION_FORMAT = "dwarf-with-dsym";
				ENABLE_NS_ASSERTIONS = NO;
				ENABLE_STRICT_OBJC_MSGSEND = YES;
				GCC_C_LANGUAGE_STANDARD = gnu11;
				GCC_NO_COMMON_BLOCKS = YES;
				GCC_WARN_64_TO_32_BIT_CONVERSION = YES;
				GCC_WARN_ABOUT_RETURN_TYPE = YES_ERROR;
				GCC_WARN_UNDECLARED_SELECTOR = YES;
				GCC_WARN_UNINITIALIZED_AUTOS = YES_AGGRESSIVE;
				GCC_WARN_UNUSED_FUNCTION = YES;
				GCC_WARN_UNUSED_VARIABLE = YES;
				IPHONEOS_DEPLOYMENT_TARGET = 16.0;
				MTL_ENABLE_DEBUG_INFO = NO;
				MTL_FAST_MATH = YES;
				SDKROOT = iphoneos;
				SWIFT_COMPILATION_MODE = wholemodule;
				SWIFT_OPTIMIZATION_LEVEL = "-O";
				VALIDATE_PRODUCT = YES;
			};
			name = Release;
		};
		E5BFDC512913433300DF0180 /* Debug */ = {
			isa = XCBuildConfiguration;
			baseConfigurationReference = 8FAA65C3D591395054E49171 /* Pods-memoMap.debug.xcconfig */;
			buildSettings = {
				ASSETCATALOG_COMPILER_APPICON_NAME = AppIcon;
				ASSETCATALOG_COMPILER_GLOBAL_ACCENT_COLOR_NAME = AccentColor;
				CODE_SIGN_IDENTITY = "Apple Development";
				CODE_SIGN_STYLE = Automatic;
				CURRENT_PROJECT_VERSION = 1;
				DEVELOPMENT_ASSET_PATHS = "\"memoMap/Preview Content\"";
				DEVELOPMENT_TEAM = 776TQCS832;
				ENABLE_PREVIEWS = YES;
				GENERATE_INFOPLIST_FILE = YES;
				INFOPLIST_FILE = memoMap/Info.plist;
				INFOPLIST_KEY_NSCameraUsageDescription = "This app would like to access your camera.";
				INFOPLIST_KEY_NSLocationWhenInUseUsageDescription = "This app would like to use your location.";
				INFOPLIST_KEY_NSPhotoLibraryUsageDescription = "This app would like to access your photo library";
				INFOPLIST_KEY_UIApplicationSceneManifest_Generation = YES;
				INFOPLIST_KEY_UIApplicationSupportsIndirectInputEvents = YES;
				INFOPLIST_KEY_UILaunchScreen_Generation = YES;
				INFOPLIST_KEY_UISupportedInterfaceOrientations_iPad = "UIInterfaceOrientationPortrait UIInterfaceOrientationPortraitUpsideDown UIInterfaceOrientationLandscapeLeft UIInterfaceOrientationLandscapeRight";
				INFOPLIST_KEY_UISupportedInterfaceOrientations_iPhone = "UIInterfaceOrientationPortrait UIInterfaceOrientationLandscapeLeft UIInterfaceOrientationLandscapeRight";
				LD_RUNPATH_SEARCH_PATHS = (
					"$(inherited)",
					"@executable_path/Frameworks",
				);
				MARKETING_VERSION = 1.0;
				PRODUCT_BUNDLE_IDENTIFIER = kwgao2.memoMap;
				PRODUCT_NAME = "$(TARGET_NAME)";
				PROVISIONING_PROFILE_SPECIFIER = "";
				SWIFT_EMIT_LOC_STRINGS = YES;
				SWIFT_VERSION = 5.0;
				TARGETED_DEVICE_FAMILY = "1,2";
			};
			name = Debug;
		};
		E5BFDC522913433300DF0180 /* Release */ = {
			isa = XCBuildConfiguration;
			baseConfigurationReference = 6F42D79D76FA58DB9766787B /* Pods-memoMap.release.xcconfig */;
			buildSettings = {
				ASSETCATALOG_COMPILER_APPICON_NAME = AppIcon;
				ASSETCATALOG_COMPILER_GLOBAL_ACCENT_COLOR_NAME = AccentColor;
				CODE_SIGN_IDENTITY = "Apple Development";
				CODE_SIGN_STYLE = Automatic;
				CURRENT_PROJECT_VERSION = 1;
				DEVELOPMENT_ASSET_PATHS = "\"memoMap/Preview Content\"";
				DEVELOPMENT_TEAM = 776TQCS832;
				ENABLE_PREVIEWS = YES;
				GENERATE_INFOPLIST_FILE = YES;
				INFOPLIST_FILE = memoMap/Info.plist;
				INFOPLIST_KEY_NSCameraUsageDescription = "This app would like to access your camera.";
				INFOPLIST_KEY_NSLocationWhenInUseUsageDescription = "This app would like to use your location.";
				INFOPLIST_KEY_NSPhotoLibraryUsageDescription = "This app would like to access your photo library";
				INFOPLIST_KEY_UIApplicationSceneManifest_Generation = YES;
				INFOPLIST_KEY_UIApplicationSupportsIndirectInputEvents = YES;
				INFOPLIST_KEY_UILaunchScreen_Generation = YES;
				INFOPLIST_KEY_UISupportedInterfaceOrientations_iPad = "UIInterfaceOrientationPortrait UIInterfaceOrientationPortraitUpsideDown UIInterfaceOrientationLandscapeLeft UIInterfaceOrientationLandscapeRight";
				INFOPLIST_KEY_UISupportedInterfaceOrientations_iPhone = "UIInterfaceOrientationPortrait UIInterfaceOrientationLandscapeLeft UIInterfaceOrientationLandscapeRight";
				LD_RUNPATH_SEARCH_PATHS = (
					"$(inherited)",
					"@executable_path/Frameworks",
				);
				MARKETING_VERSION = 1.0;
				PRODUCT_BUNDLE_IDENTIFIER = kwgao2.memoMap;
				PRODUCT_NAME = "$(TARGET_NAME)";
				PROVISIONING_PROFILE_SPECIFIER = "";
				SWIFT_EMIT_LOC_STRINGS = YES;
				SWIFT_VERSION = 5.0;
				TARGETED_DEVICE_FAMILY = "1,2";
			};
			name = Release;
		};
/* End XCBuildConfiguration section */

/* Begin XCConfigurationList section */
		E5BFDC3D2913433300DF0180 /* Build configuration list for PBXProject "memoMap" */ = {
			isa = XCConfigurationList;
			buildConfigurations = (
				E5BFDC4E2913433300DF0180 /* Debug */,
				E5BFDC4F2913433300DF0180 /* Release */,
			);
			defaultConfigurationIsVisible = 0;
			defaultConfigurationName = Release;
		};
		E5BFDC502913433300DF0180 /* Build configuration list for PBXNativeTarget "memoMap" */ = {
			isa = XCConfigurationList;
			buildConfigurations = (
				E5BFDC512913433300DF0180 /* Debug */,
				E5BFDC522913433300DF0180 /* Release */,
			);
			defaultConfigurationIsVisible = 0;
			defaultConfigurationName = Release;
		};
/* End XCConfigurationList section */

/* Begin XCRemoteSwiftPackageReference section */
		2B3B4B08292AA9DB00639C99 /* XCRemoteSwiftPackageReference "swift-composable-architecture" */ = {
			isa = XCRemoteSwiftPackageReference;
			repositoryURL = "https://github.com/pointfreeco/swift-composable-architecture.git";
			requirement = {
				kind = upToNextMajorVersion;
				minimumVersion = 0.46.0;
			};
		};
		E5BFDC5B2913456100DF0180 /* XCRemoteSwiftPackageReference "firebase-ios-sdk" */ = {
			isa = XCRemoteSwiftPackageReference;
			repositoryURL = "https://github.com/firebase/firebase-ios-sdk";
			requirement = {
				branch = master;
				kind = branch;
			};
		};
/* End XCRemoteSwiftPackageReference section */

/* Begin XCSwiftPackageProductDependency section */
		2B3B4B09292AA9DB00639C99 /* ComposableArchitecture */ = {
			isa = XCSwiftPackageProductDependency;
			package = 2B3B4B08292AA9DB00639C99 /* XCRemoteSwiftPackageReference "swift-composable-architecture" */;
			productName = ComposableArchitecture;
		};
		2B3B4B0B292AA9DB00639C99 /* Dependencies */ = {
			isa = XCSwiftPackageProductDependency;
			package = 2B3B4B08292AA9DB00639C99 /* XCRemoteSwiftPackageReference "swift-composable-architecture" */;
			productName = Dependencies;
		};
		E5BFDC5C2913456100DF0180 /* FirebaseAnalytics */ = {
			isa = XCSwiftPackageProductDependency;
			package = E5BFDC5B2913456100DF0180 /* XCRemoteSwiftPackageReference "firebase-ios-sdk" */;
			productName = FirebaseAnalytics;
		};
		E5BFDC5E2913456100DF0180 /* FirebaseAnalyticsOnDeviceConversion */ = {
			isa = XCSwiftPackageProductDependency;
			package = E5BFDC5B2913456100DF0180 /* XCRemoteSwiftPackageReference "firebase-ios-sdk" */;
			productName = FirebaseAnalyticsOnDeviceConversion;
		};
		E5BFDC602913456100DF0180 /* FirebaseAnalyticsSwift */ = {
			isa = XCSwiftPackageProductDependency;
			package = E5BFDC5B2913456100DF0180 /* XCRemoteSwiftPackageReference "firebase-ios-sdk" */;
			productName = FirebaseAnalyticsSwift;
		};
		E5BFDC622913456100DF0180 /* FirebaseAnalyticsWithoutAdIdSupport */ = {
			isa = XCSwiftPackageProductDependency;
			package = E5BFDC5B2913456100DF0180 /* XCRemoteSwiftPackageReference "firebase-ios-sdk" */;
			productName = FirebaseAnalyticsWithoutAdIdSupport;
		};
		E5BFDC642913456100DF0180 /* FirebaseAppCheck */ = {
			isa = XCSwiftPackageProductDependency;
			package = E5BFDC5B2913456100DF0180 /* XCRemoteSwiftPackageReference "firebase-ios-sdk" */;
			productName = FirebaseAppCheck;
		};
		E5BFDC662913456100DF0180 /* FirebaseAppDistribution-Beta */ = {
			isa = XCSwiftPackageProductDependency;
			package = E5BFDC5B2913456100DF0180 /* XCRemoteSwiftPackageReference "firebase-ios-sdk" */;
			productName = "FirebaseAppDistribution-Beta";
		};
		E5BFDC682913456100DF0180 /* FirebaseAuth */ = {
			isa = XCSwiftPackageProductDependency;
			package = E5BFDC5B2913456100DF0180 /* XCRemoteSwiftPackageReference "firebase-ios-sdk" */;
			productName = FirebaseAuth;
		};
		E5BFDC6A2913456100DF0180 /* FirebaseAuthCombine-Community */ = {
			isa = XCSwiftPackageProductDependency;
			package = E5BFDC5B2913456100DF0180 /* XCRemoteSwiftPackageReference "firebase-ios-sdk" */;
			productName = "FirebaseAuthCombine-Community";
		};
		E5BFDC6C2913456100DF0180 /* FirebaseCrashlytics */ = {
			isa = XCSwiftPackageProductDependency;
			package = E5BFDC5B2913456100DF0180 /* XCRemoteSwiftPackageReference "firebase-ios-sdk" */;
			productName = FirebaseCrashlytics;
		};
		E5BFDC6E2913456100DF0180 /* FirebaseDatabase */ = {
			isa = XCSwiftPackageProductDependency;
			package = E5BFDC5B2913456100DF0180 /* XCRemoteSwiftPackageReference "firebase-ios-sdk" */;
			productName = FirebaseDatabase;
		};
		E5BFDC702913456100DF0180 /* FirebaseDatabaseSwift */ = {
			isa = XCSwiftPackageProductDependency;
			package = E5BFDC5B2913456100DF0180 /* XCRemoteSwiftPackageReference "firebase-ios-sdk" */;
			productName = FirebaseDatabaseSwift;
		};
		E5BFDC722913456100DF0180 /* FirebaseDynamicLinks */ = {
			isa = XCSwiftPackageProductDependency;
			package = E5BFDC5B2913456100DF0180 /* XCRemoteSwiftPackageReference "firebase-ios-sdk" */;
			productName = FirebaseDynamicLinks;
		};
		E5BFDC742913456100DF0180 /* FirebaseFirestore */ = {
			isa = XCSwiftPackageProductDependency;
			package = E5BFDC5B2913456100DF0180 /* XCRemoteSwiftPackageReference "firebase-ios-sdk" */;
			productName = FirebaseFirestore;
		};
		E5BFDC762913456100DF0180 /* FirebaseFirestoreCombine-Community */ = {
			isa = XCSwiftPackageProductDependency;
			package = E5BFDC5B2913456100DF0180 /* XCRemoteSwiftPackageReference "firebase-ios-sdk" */;
			productName = "FirebaseFirestoreCombine-Community";
		};
		E5BFDC782913456100DF0180 /* FirebaseFirestoreSwift */ = {
			isa = XCSwiftPackageProductDependency;
			package = E5BFDC5B2913456100DF0180 /* XCRemoteSwiftPackageReference "firebase-ios-sdk" */;
			productName = FirebaseFirestoreSwift;
		};
		E5BFDC7A2913456100DF0180 /* FirebaseFunctions */ = {
			isa = XCSwiftPackageProductDependency;
			package = E5BFDC5B2913456100DF0180 /* XCRemoteSwiftPackageReference "firebase-ios-sdk" */;
			productName = FirebaseFunctions;
		};
		E5BFDC7C2913456100DF0180 /* FirebaseFunctionsCombine-Community */ = {
			isa = XCSwiftPackageProductDependency;
			package = E5BFDC5B2913456100DF0180 /* XCRemoteSwiftPackageReference "firebase-ios-sdk" */;
			productName = "FirebaseFunctionsCombine-Community";
		};
		E5BFDC7E2913456100DF0180 /* FirebaseInAppMessaging-Beta */ = {
			isa = XCSwiftPackageProductDependency;
			package = E5BFDC5B2913456100DF0180 /* XCRemoteSwiftPackageReference "firebase-ios-sdk" */;
			productName = "FirebaseInAppMessaging-Beta";
		};
		E5BFDC802913456100DF0180 /* FirebaseInAppMessagingSwift-Beta */ = {
			isa = XCSwiftPackageProductDependency;
			package = E5BFDC5B2913456100DF0180 /* XCRemoteSwiftPackageReference "firebase-ios-sdk" */;
			productName = "FirebaseInAppMessagingSwift-Beta";
		};
		E5BFDC822913456100DF0180 /* FirebaseInstallations */ = {
			isa = XCSwiftPackageProductDependency;
			package = E5BFDC5B2913456100DF0180 /* XCRemoteSwiftPackageReference "firebase-ios-sdk" */;
			productName = FirebaseInstallations;
		};
		E5BFDC842913456100DF0180 /* FirebaseMLModelDownloader */ = {
			isa = XCSwiftPackageProductDependency;
			package = E5BFDC5B2913456100DF0180 /* XCRemoteSwiftPackageReference "firebase-ios-sdk" */;
			productName = FirebaseMLModelDownloader;
		};
		E5BFDC862913456100DF0180 /* FirebaseMessaging */ = {
			isa = XCSwiftPackageProductDependency;
			package = E5BFDC5B2913456100DF0180 /* XCRemoteSwiftPackageReference "firebase-ios-sdk" */;
			productName = FirebaseMessaging;
		};
		E5BFDC882913456200DF0180 /* FirebasePerformance */ = {
			isa = XCSwiftPackageProductDependency;
			package = E5BFDC5B2913456100DF0180 /* XCRemoteSwiftPackageReference "firebase-ios-sdk" */;
			productName = FirebasePerformance;
		};
		E5BFDC8A2913456200DF0180 /* FirebaseRemoteConfig */ = {
			isa = XCSwiftPackageProductDependency;
			package = E5BFDC5B2913456100DF0180 /* XCRemoteSwiftPackageReference "firebase-ios-sdk" */;
			productName = FirebaseRemoteConfig;
		};
		E5BFDC8C2913456200DF0180 /* FirebaseRemoteConfigSwift */ = {
			isa = XCSwiftPackageProductDependency;
			package = E5BFDC5B2913456100DF0180 /* XCRemoteSwiftPackageReference "firebase-ios-sdk" */;
			productName = FirebaseRemoteConfigSwift;
		};
		E5BFDC8E2913456200DF0180 /* FirebaseStorage */ = {
			isa = XCSwiftPackageProductDependency;
			package = E5BFDC5B2913456100DF0180 /* XCRemoteSwiftPackageReference "firebase-ios-sdk" */;
			productName = FirebaseStorage;
		};
		E5BFDC902913456200DF0180 /* FirebaseStorageCombine-Community */ = {
			isa = XCSwiftPackageProductDependency;
			package = E5BFDC5B2913456100DF0180 /* XCRemoteSwiftPackageReference "firebase-ios-sdk" */;
			productName = "FirebaseStorageCombine-Community";
		};
/* End XCSwiftPackageProductDependency section */
	};
	rootObject = E5BFDC3A2913433300DF0180 /* Project object */;
}
